
Microsoft Visual Studio Solution File, Format Version 12.00
# Visual Studio Version 16
VisualStudioVersion = 16.0.29411.108
MinimumVisualStudioVersion = 10.0.40219.1
Project("{9A19103F-16F7-4668-BE54-9A1E7A4F7556}") = "Device_Store", "Device_Store.csproj", "{29EF6720-31A2-4B4B-929B-95326F67BC3C}"
EndProject
Global
	GlobalSection(SolutionConfigurationPlatforms) = preSolution
		Debug|Any CPU = Debug|Any CPU
		Release|Any CPU = Release|Any CPU
	EndGlobalSection
	GlobalSection(ProjectConfigurationPlatforms) = postSolution
		{29EF6720-31A2-4B4B-929B-95326F67BC3C}.Debug|Any CPU.ActiveCfg = Debug|Any CPU
		{29EF6720-31A2-4B4B-929B-95326F67BC3C}.Debug|Any CPU.Build.0 = Debug|Any CPU
		{29EF6720-31A2-4B4B-929B-95326F67BC3C}.Release|Any CPU.ActiveCfg = Release|Any CPU
		{29EF6720-31A2-4B4B-929B-95326F67BC3C}.Release|Any CPU.Build.0 = Release|Any CPU
	EndGlobalSection
	GlobalSection(SolutionProperties) = preSolution
		HideSolutionNode = FALSE
	EndGlobalSection
	GlobalSection(ExtensibilityGlobals) = postSolution
		SolutionGuid = {91BE3DDD-A20D-4DD2-A580-561FD2226237}
	EndGlobalSection
EndGlobal
